
Microsoft Visual Studio Solution File, Format Version 12.00
# Visual Studio Version 16
VisualStudioVersion = 16.0.30804.86
MinimumVisualStudioVersion = 10.0.40219.1
Project("{FAE04EC0-301F-11D3-BF4B-00C04F79EFBC}") = "HV2020.Eservice.WCF.Felanmalan", "HV2020.Eservice.WCF.Felanmalan.csproj", "{C6D99D57-8976-4F87-8E78-424F8D6FCA12}"
EndProject
Global
	GlobalSection(SolutionConfigurationPlatforms) = preSolution
		Debug|Any CPU = Debug|Any CPU
		Release|Any CPU = Release|Any CPU
	EndGlobalSection
	GlobalSection(ProjectConfigurationPlatforms) = postSolution
		{C6D99D57-8976-4F87-8E78-424F8D6FCA12}.Debug|Any CPU.ActiveCfg = Debug|Any CPU
		{C6D99D57-8976-4F87-8E78-424F8D6FCA12}.Debug|Any CPU.Build.0 = Debug|Any CPU
		{C6D99D57-8976-4F87-8E78-424F8D6FCA12}.Release|Any CPU.ActiveCfg = Release|Any CPU
		{C6D99D57-8976-4F87-8E78-424F8D6FCA12}.Release|Any CPU.Build.0 = Release|Any CPU
	EndGlobalSection
	GlobalSection(SolutionProperties) = preSolution
		HideSolutionNode = FALSE
	EndGlobalSection
	GlobalSection(ExtensibilityGlobals) = postSolution
		SolutionGuid = {DC4213F8-5BB7-4259-AC3A-45EB3DB7807F}
	EndGlobalSection
EndGlobal
